// !$*UTF8*$!
{
	archiveVersion = 1;
	classes = {
	};
	objectVersion = 53;
	objects = {

/* Begin PBXBuildFile section */
		550EC6E2DBA4A88AA26439BF /* Pods_OpenHacksProject_OpenHacksProjectUITests.framework in Frameworks */ = {isa = PBXBuildFile; fileRef = BEFD88E138E5676A972A4F83 /* Pods_OpenHacksProject_OpenHacksProjectUITests.framework */; };
		59F9A16524786EAB00C998CE /* AppDelegate.swift in Sources */ = {isa = PBXBuildFile; fileRef = 59F9A16424786EAB00C998CE /* AppDelegate.swift */; };
		59F9A16724786EAB00C998CE /* SceneDelegate.swift in Sources */ = {isa = PBXBuildFile; fileRef = 59F9A16624786EAB00C998CE /* SceneDelegate.swift */; };
		59F9A16924786EAB00C998CE /* ContentView.swift in Sources */ = {isa = PBXBuildFile; fileRef = 59F9A16824786EAB00C998CE /* ContentView.swift */; };
		59F9A16B24786EAE00C998CE /* Assets.xcassets in Resources */ = {isa = PBXBuildFile; fileRef = 59F9A16A24786EAE00C998CE /* Assets.xcassets */; };
		59F9A16E24786EAE00C998CE /* Preview Assets.xcassets in Resources */ = {isa = PBXBuildFile; fileRef = 59F9A16D24786EAE00C998CE /* Preview Assets.xcassets */; };
		59F9A17124786EAE00C998CE /* LaunchScreen.storyboard in Resources */ = {isa = PBXBuildFile; fileRef = 59F9A16F24786EAE00C998CE /* LaunchScreen.storyboard */; };
		59F9A17C24786EAE00C998CE /* OpenHacksProjectTests.swift in Sources */ = {isa = PBXBuildFile; fileRef = 59F9A17B24786EAE00C998CE /* OpenHacksProjectTests.swift */; };
		59F9A18724786EAF00C998CE /* OpenHacksProjectUITests.swift in Sources */ = {isa = PBXBuildFile; fileRef = 59F9A18624786EAF00C998CE /* OpenHacksProjectUITests.swift */; };
		79B14BFDBF561331A1108E95 /* Pods_OpenHacksProjectTests.framework in Frameworks */ = {isa = PBXBuildFile; fileRef = 90FDFFC5E719ED8942920BDA /* Pods_OpenHacksProjectTests.framework */; };
		8B6D13CD9FBE90BAEAD4E000 /* Pods_OpenHacksProject.framework in Frameworks */ = {isa = PBXBuildFile; fileRef = 649B933FC61E8D2C4F3D0ABE /* Pods_OpenHacksProject.framework */; };
		BBD58EFA24798DE90028CD6C /* InLocation.swift in Sources */ = {isa = PBXBuildFile; fileRef = BBD58EF924798DE90028CD6C /* InLocation.swift */; };
		BBD58F0024799E000028CD6C /* RadarSDK.framework in Frameworks */ = {isa = PBXBuildFile; fileRef = BBD58EFF24799E000028CD6C /* RadarSDK.framework */; };
/* End PBXBuildFile section */

/* Begin PBXContainerItemProxy section */
		59F9A17824786EAE00C998CE /* PBXContainerItemProxy */ = {
			isa = PBXContainerItemProxy;
			containerPortal = 59F9A15924786EAB00C998CE /* Project object */;
			proxyType = 1;
			remoteGlobalIDString = 59F9A16024786EAB00C998CE;
			remoteInfo = OpenHacksProject;
		};
		59F9A18324786EAF00C998CE /* PBXContainerItemProxy */ = {
			isa = PBXContainerItemProxy;
			containerPortal = 59F9A15924786EAB00C998CE /* Project object */;
			proxyType = 1;
			remoteGlobalIDString = 59F9A16024786EAB00C998CE;
			remoteInfo = OpenHacksProject;
		};
/* End PBXContainerItemProxy section */

/* Begin PBXFileReference section */
		2EA0A44ED1F5824BC96E02C6 /* Pods-OpenHacksProject.release.xcconfig */ = {isa = PBXFileReference; includeInIndex = 1; lastKnownFileType = text.xcconfig; name = "Pods-OpenHacksProject.release.xcconfig"; path = "Target Support Files/Pods-OpenHacksProject/Pods-OpenHacksProject.release.xcconfig"; sourceTree = "<group>"; };
		399D3DF000FFC19E0B97D504 /* Pods-OpenHacksProject.debug.xcconfig */ = {isa = PBXFileReference; includeInIndex = 1; lastKnownFileType = text.xcconfig; name = "Pods-OpenHacksProject.debug.xcconfig"; path = "Target Support Files/Pods-OpenHacksProject/Pods-OpenHacksProject.debug.xcconfig"; sourceTree = "<group>"; };
		59F9A16124786EAB00C998CE /* OpenHacksProject.app */ = {isa = PBXFileReference; explicitFileType = wrapper.application; includeInIndex = 0; path = OpenHacksProject.app; sourceTree = BUILT_PRODUCTS_DIR; };
		59F9A16424786EAB00C998CE /* AppDelegate.swift */ = {isa = PBXFileReference; lastKnownFileType = sourcecode.swift; path = AppDelegate.swift; sourceTree = "<group>"; };
		59F9A16624786EAB00C998CE /* SceneDelegate.swift */ = {isa = PBXFileReference; lastKnownFileType = sourcecode.swift; path = SceneDelegate.swift; sourceTree = "<group>"; };
		59F9A16824786EAB00C998CE /* ContentView.swift */ = {isa = PBXFileReference; lastKnownFileType = sourcecode.swift; path = ContentView.swift; sourceTree = "<group>"; };
		59F9A16A24786EAE00C998CE /* Assets.xcassets */ = {isa = PBXFileReference; lastKnownFileType = folder.assetcatalog; path = Assets.xcassets; sourceTree = "<group>"; };
		59F9A16D24786EAE00C998CE /* Preview Assets.xcassets */ = {isa = PBXFileReference; lastKnownFileType = folder.assetcatalog; path = "Preview Assets.xcassets"; sourceTree = "<group>"; };
		59F9A17024786EAE00C998CE /* Base */ = {isa = PBXFileReference; lastKnownFileType = file.storyboard; name = Base; path = Base.lproj/LaunchScreen.storyboard; sourceTree = "<group>"; };
		59F9A17224786EAE00C998CE /* Info.plist */ = {isa = PBXFileReference; lastKnownFileType = text.plist.xml; path = Info.plist; sourceTree = "<group>"; };
		59F9A17724786EAE00C998CE /* OpenHacksProjectTests.xctest */ = {isa = PBXFileReference; explicitFileType = wrapper.cfbundle; includeInIndex = 0; path = OpenHacksProjectTests.xctest; sourceTree = BUILT_PRODUCTS_DIR; };
		59F9A17B24786EAE00C998CE /* OpenHacksProjectTests.swift */ = {isa = PBXFileReference; lastKnownFileType = sourcecode.swift; path = OpenHacksProjectTests.swift; sourceTree = "<group>"; };
		59F9A17D24786EAE00C998CE /* Info.plist */ = {isa = PBXFileReference; lastKnownFileType = text.plist.xml; path = Info.plist; sourceTree = "<group>"; };
		59F9A18224786EAF00C998CE /* OpenHacksProjectUITests.xctest */ = {isa = PBXFileReference; explicitFileType = wrapper.cfbundle; includeInIndex = 0; path = OpenHacksProjectUITests.xctest; sourceTree = BUILT_PRODUCTS_DIR; };
		59F9A18624786EAF00C998CE /* OpenHacksProjectUITests.swift */ = {isa = PBXFileReference; lastKnownFileType = sourcecode.swift; path = OpenHacksProjectUITests.swift; sourceTree = "<group>"; };
		59F9A18824786EAF00C998CE /* Info.plist */ = {isa = PBXFileReference; lastKnownFileType = text.plist.xml; path = Info.plist; sourceTree = "<group>"; };
		649B933FC61E8D2C4F3D0ABE /* Pods_OpenHacksProject.framework */ = {isa = PBXFileReference; explicitFileType = wrapper.framework; includeInIndex = 0; path = Pods_OpenHacksProject.framework; sourceTree = BUILT_PRODUCTS_DIR; };
		90FDFFC5E719ED8942920BDA /* Pods_OpenHacksProjectTests.framework */ = {isa = PBXFileReference; explicitFileType = wrapper.framework; includeInIndex = 0; path = Pods_OpenHacksProjectTests.framework; sourceTree = BUILT_PRODUCTS_DIR; };
		BBD58EF924798DE90028CD6C /* InLocation.swift */ = {isa = PBXFileReference; lastKnownFileType = sourcecode.swift; path = InLocation.swift; sourceTree = "<group>"; };
		BBD58EFF24799E000028CD6C /* RadarSDK.framework */ = {isa = PBXFileReference; lastKnownFileType = wrapper.framework; name = RadarSDK.framework; path = "../../../../Downloads/Users/nickpatrick/Dropbox/dev/radar/radar-sdk-ios/dist/RadarSDK.framework"; sourceTree = "<group>"; };
		BEFD88E138E5676A972A4F83 /* Pods_OpenHacksProject_OpenHacksProjectUITests.framework */ = {isa = PBXFileReference; explicitFileType = wrapper.framework; includeInIndex = 0; path = Pods_OpenHacksProject_OpenHacksProjectUITests.framework; sourceTree = BUILT_PRODUCTS_DIR; };
		CEF437930FEB40C14101A42D /* Pods-OpenHacksProjectTests.release.xcconfig */ = {isa = PBXFileReference; includeInIndex = 1; lastKnownFileType = text.xcconfig; name = "Pods-OpenHacksProjectTests.release.xcconfig"; path = "Target Support Files/Pods-OpenHacksProjectTests/Pods-OpenHacksProjectTests.release.xcconfig"; sourceTree = "<group>"; };
		F03AB0FD2C8C076BA0ED04D5 /* Pods-OpenHacksProject-OpenHacksProjectUITests.release.xcconfig */ = {isa = PBXFileReference; includeInIndex = 1; lastKnownFileType = text.xcconfig; name = "Pods-OpenHacksProject-OpenHacksProjectUITests.release.xcconfig"; path = "Target Support Files/Pods-OpenHacksProject-OpenHacksProjectUITests/Pods-OpenHacksProject-OpenHacksProjectUITests.release.xcconfig"; sourceTree = "<group>"; };
		F5485D876FF055165AEEAD45 /* Pods-OpenHacksProjectTests.debug.xcconfig */ = {isa = PBXFileReference; includeInIndex = 1; lastKnownFileType = text.xcconfig; name = "Pods-OpenHacksProjectTests.debug.xcconfig"; path = "Target Support Files/Pods-OpenHacksProjectTests/Pods-OpenHacksProjectTests.debug.xcconfig"; sourceTree = "<group>"; };
		F9A36216156DECD3387C16D9 /* Pods-OpenHacksProject-OpenHacksProjectUITests.debug.xcconfig */ = {isa = PBXFileReference; includeInIndex = 1; lastKnownFileType = text.xcconfig; name = "Pods-OpenHacksProject-OpenHacksProjectUITests.debug.xcconfig"; path = "Target Support Files/Pods-OpenHacksProject-OpenHacksProjectUITests/Pods-OpenHacksProject-OpenHacksProjectUITests.debug.xcconfig"; sourceTree = "<group>"; };
/* End PBXFileReference section */

/* Begin PBXFrameworksBuildPhase section */
		59F9A15E24786EAB00C998CE /* Frameworks */ = {
			isa = PBXFrameworksBuildPhase;
			buildActionMask = 2147483647;
			files = (
				BBD58F0024799E000028CD6C /* RadarSDK.framework in Frameworks */,
				8B6D13CD9FBE90BAEAD4E000 /* Pods_OpenHacksProject.framework in Frameworks */,
			);
			runOnlyForDeploymentPostprocessing = 0;
		};
		59F9A17424786EAE00C998CE /* Frameworks */ = {
			isa = PBXFrameworksBuildPhase;
			buildActionMask = 2147483647;
			files = (
				79B14BFDBF561331A1108E95 /* Pods_OpenHacksProjectTests.framework in Frameworks */,
			);
			runOnlyForDeploymentPostprocessing = 0;
		};
		59F9A17F24786EAF00C998CE /* Frameworks */ = {
			isa = PBXFrameworksBuildPhase;
			buildActionMask = 2147483647;
			files = (
				550EC6E2DBA4A88AA26439BF /* Pods_OpenHacksProject_OpenHacksProjectUITests.framework in Frameworks */,
			);
			runOnlyForDeploymentPostprocessing = 0;
		};
/* End PBXFrameworksBuildPhase section */

/* Begin PBXGroup section */
		2AA5B531C79250523C2B9DB9 /* Frameworks */ = {
			isa = PBXGroup;
			children = (
				649B933FC61E8D2C4F3D0ABE /* Pods_OpenHacksProject.framework */,
				BEFD88E138E5676A972A4F83 /* Pods_OpenHacksProject_OpenHacksProjectUITests.framework */,
				90FDFFC5E719ED8942920BDA /* Pods_OpenHacksProjectTests.framework */,
			);
			name = Frameworks;
			sourceTree = "<group>";
		};
		59F9A15824786EAB00C998CE = {
			isa = PBXGroup;
			children = (
				59F9A16324786EAB00C998CE /* OpenHacksProject */,
				59F9A17A24786EAE00C998CE /* OpenHacksProjectTests */,
				59F9A18524786EAF00C998CE /* OpenHacksProjectUITests */,
				59F9A16224786EAB00C998CE /* Products */,
				A594AE9BF6313F73C1CD050F /* Pods */,
				2AA5B531C79250523C2B9DB9 /* Frameworks */,
			);
			sourceTree = "<group>";
		};
		59F9A16224786EAB00C998CE /* Products */ = {
			isa = PBXGroup;
			children = (
				59F9A16124786EAB00C998CE /* OpenHacksProject.app */,
				59F9A17724786EAE00C998CE /* OpenHacksProjectTests.xctest */,
				59F9A18224786EAF00C998CE /* OpenHacksProjectUITests.xctest */,
			);
			name = Products;
			sourceTree = "<group>";
		};
		59F9A16324786EAB00C998CE /* OpenHacksProject */ = {
			isa = PBXGroup;
			children = (
				BBD58EFF24799E000028CD6C /* RadarSDK.framework */,
				59F9A16424786EAB00C998CE /* AppDelegate.swift */,
				59F9A16624786EAB00C998CE /* SceneDelegate.swift */,
				BBD58EF924798DE90028CD6C /* InLocation.swift */,
				59F9A16824786EAB00C998CE /* ContentView.swift */,
				59F9A16A24786EAE00C998CE /* Assets.xcassets */,
				59F9A16F24786EAE00C998CE /* LaunchScreen.storyboard */,
				59F9A17224786EAE00C998CE /* Info.plist */,
				59F9A16C24786EAE00C998CE /* Preview Content */,
			);
			path = OpenHacksProject;
			sourceTree = "<group>";
		};
		59F9A16C24786EAE00C998CE /* Preview Content */ = {
			isa = PBXGroup;
			children = (
				59F9A16D24786EAE00C998CE /* Preview Assets.xcassets */,
			);
			path = "Preview Content";
			sourceTree = "<group>";
		};
		59F9A17A24786EAE00C998CE /* OpenHacksProjectTests */ = {
			isa = PBXGroup;
			children = (
				59F9A17B24786EAE00C998CE /* OpenHacksProjectTests.swift */,
				59F9A17D24786EAE00C998CE /* Info.plist */,
			);
			path = OpenHacksProjectTests;
			sourceTree = "<group>";
		};
		59F9A18524786EAF00C998CE /* OpenHacksProjectUITests */ = {
			isa = PBXGroup;
			children = (
				59F9A18624786EAF00C998CE /* OpenHacksProjectUITests.swift */,
				59F9A18824786EAF00C998CE /* Info.plist */,
			);
			path = OpenHacksProjectUITests;
			sourceTree = "<group>";
		};
		A594AE9BF6313F73C1CD050F /* Pods */ = {
			isa = PBXGroup;
			children = (
				399D3DF000FFC19E0B97D504 /* Pods-OpenHacksProject.debug.xcconfig */,
				2EA0A44ED1F5824BC96E02C6 /* Pods-OpenHacksProject.release.xcconfig */,
				F9A36216156DECD3387C16D9 /* Pods-OpenHacksProject-OpenHacksProjectUITests.debug.xcconfig */,
				F03AB0FD2C8C076BA0ED04D5 /* Pods-OpenHacksProject-OpenHacksProjectUITests.release.xcconfig */,
				F5485D876FF055165AEEAD45 /* Pods-OpenHacksProjectTests.debug.xcconfig */,
				CEF437930FEB40C14101A42D /* Pods-OpenHacksProjectTests.release.xcconfig */,
			);
			name = Pods;
			path = Pods;
			sourceTree = "<group>";
		};
/* End PBXGroup section */

/* Begin PBXNativeTarget section */
		59F9A16024786EAB00C998CE /* OpenHacksProject */ = {
			isa = PBXNativeTarget;
			buildConfigurationList = 59F9A18B24786EAF00C998CE /* Build configuration list for PBXNativeTarget "OpenHacksProject" */;
			buildPhases = (
				B1A3C86786B2BE2B8025A1E6 /* [CP] Check Pods Manifest.lock */,
				59F9A15D24786EAB00C998CE /* Sources */,
				59F9A15E24786EAB00C998CE /* Frameworks */,
				59F9A15F24786EAB00C998CE /* Resources */,
			);
			buildRules = (
			);
			dependencies = (
			);
			name = OpenHacksProject;
			productName = OpenHacksProject;
			productReference = 59F9A16124786EAB00C998CE /* OpenHacksProject.app */;
			productType = "com.apple.product-type.application";
		};
		59F9A17624786EAE00C998CE /* OpenHacksProjectTests */ = {
			isa = PBXNativeTarget;
			buildConfigurationList = 59F9A18E24786EAF00C998CE /* Build configuration list for PBXNativeTarget "OpenHacksProjectTests" */;
			buildPhases = (
				5D1A189F4E487EBF69A42097 /* [CP] Check Pods Manifest.lock */,
				59F9A17324786EAE00C998CE /* Sources */,
				59F9A17424786EAE00C998CE /* Frameworks */,
				59F9A17524786EAE00C998CE /* Resources */,
			);
			buildRules = (
			);
			dependencies = (
				59F9A17924786EAE00C998CE /* PBXTargetDependency */,
			);
			name = OpenHacksProjectTests;
			productName = OpenHacksProjectTests;
			productReference = 59F9A17724786EAE00C998CE /* OpenHacksProjectTests.xctest */;
			productType = "com.apple.product-type.bundle.unit-test";
		};
		59F9A18124786EAF00C998CE /* OpenHacksProjectUITests */ = {
			isa = PBXNativeTarget;
			buildConfigurationList = 59F9A19124786EAF00C998CE /* Build configuration list for PBXNativeTarget "OpenHacksProjectUITests" */;
			buildPhases = (
				6BFF6514090E5A7AD7C52498 /* [CP] Check Pods Manifest.lock */,
				59F9A17E24786EAF00C998CE /* Sources */,
				59F9A17F24786EAF00C998CE /* Frameworks */,
				59F9A18024786EAF00C998CE /* Resources */,
			);
			buildRules = (
			);
			dependencies = (
				59F9A18424786EAF00C998CE /* PBXTargetDependency */,
			);
			name = OpenHacksProjectUITests;
			productName = OpenHacksProjectUITests;
			productReference = 59F9A18224786EAF00C998CE /* OpenHacksProjectUITests.xctest */;
			productType = "com.apple.product-type.bundle.ui-testing";
		};
/* End PBXNativeTarget section */

/* Begin PBXProject section */
		59F9A15924786EAB00C998CE /* Project object */ = {
			isa = PBXProject;
			attributes = {
				LastSwiftUpdateCheck = 1150;
				LastUpgradeCheck = 1150;
				ORGANIZATIONNAME = "OpenHacks Project";
				TargetAttributes = {
					59F9A16024786EAB00C998CE = {
						CreatedOnToolsVersion = 11.5;
					};
					59F9A17624786EAE00C998CE = {
						CreatedOnToolsVersion = 11.5;
						TestTargetID = 59F9A16024786EAB00C998CE;
					};
					59F9A18124786EAF00C998CE = {
						CreatedOnToolsVersion = 11.5;
						TestTargetID = 59F9A16024786EAB00C998CE;
					};
				};
			};
			buildConfigurationList = 59F9A15C24786EAB00C998CE /* Build configuration list for PBXProject "OpenHacksProject" */;
			compatibilityVersion = "Xcode 11.4";
			developmentRegion = en;
			hasScannedForEncodings = 0;
			knownRegions = (
				en,
				Base,
			);
			mainGroup = 59F9A15824786EAB00C998CE;
			productRefGroup = 59F9A16224786EAB00C998CE /* Products */;
			projectDirPath = "";
			projectRoot = "";
			targets = (
				59F9A16024786EAB00C998CE /* OpenHacksProject */,
				59F9A17624786EAE00C998CE /* OpenHacksProjectTests */,
				59F9A18124786EAF00C998CE /* OpenHacksProjectUITests */,
			);
		};
/* End PBXProject section */

/* Begin PBXResourcesBuildPhase section */
		59F9A15F24786EAB00C998CE /* Resources */ = {
			isa = PBXResourcesBuildPhase;
			buildActionMask = 2147483647;
			files = (
				59F9A17124786EAE00C998CE /* LaunchScreen.storyboard in Resources */,
				59F9A16E24786EAE00C998CE /* Preview Assets.xcassets in Resources */,
				59F9A16B24786EAE00C998CE /* Assets.xcassets in Resources */,
			);
			runOnlyForDeploymentPostprocessing = 0;
		};
		59F9A17524786EAE00C998CE /* Resources */ = {
			isa = PBXResourcesBuildPhase;
			buildActionMask = 2147483647;
			files = (
			);
			runOnlyForDeploymentPostprocessing = 0;
		};
		59F9A18024786EAF00C998CE /* Resources */ = {
			isa = PBXResourcesBuildPhase;
			buildActionMask = 2147483647;
			files = (
			);
			runOnlyForDeploymentPostprocessing = 0;
		};
/* End PBXResourcesBuildPhase section */

/* Begin PBXShellScriptBuildPhase section */
		5D1A189F4E487EBF69A42097 /* [CP] Check Pods Manifest.lock */ = {
			isa = PBXShellScriptBuildPhase;
			buildActionMask = 2147483647;
			files = (
			);
			inputFileListPaths = (
			);
			inputPaths = (
				"${PODS_PODFILE_DIR_PATH}/Podfile.lock",
				"${PODS_ROOT}/Manifest.lock",
			);
			name = "[CP] Check Pods Manifest.lock";
			outputFileListPaths = (
			);
			outputPaths = (
				"$(DERIVED_FILE_DIR)/Pods-OpenHacksProjectTests-checkManifestLockResult.txt",
			);
			runOnlyForDeploymentPostprocessing = 0;
			shellPath = /bin/sh;
			shellScript = "diff \"${PODS_PODFILE_DIR_PATH}/Podfile.lock\" \"${PODS_ROOT}/Manifest.lock\" > /dev/null\nif [ $? != 0 ] ; then\n    # print error to STDERR\n    echo \"error: The sandbox is not in sync with the Podfile.lock. Run 'pod install' or update your CocoaPods installation.\" >&2\n    exit 1\nfi\n# This output is used by Xcode 'outputs' to avoid re-running this script phase.\necho \"SUCCESS\" > \"${SCRIPT_OUTPUT_FILE_0}\"\n";
			showEnvVarsInLog = 0;
		};
		6BFF6514090E5A7AD7C52498 /* [CP] Check Pods Manifest.lock */ = {
			isa = PBXShellScriptBuildPhase;
			buildActionMask = 2147483647;
			files = (
			);
			inputFileListPaths = (
			);
			inputPaths = (
				"${PODS_PODFILE_DIR_PATH}/Podfile.lock",
				"${PODS_ROOT}/Manifest.lock",
			);
			name = "[CP] Check Pods Manifest.lock";
			outputFileListPaths = (
			);
			outputPaths = (
				"$(DERIVED_FILE_DIR)/Pods-OpenHacksProject-OpenHacksProjectUITests-checkManifestLockResult.txt",
			);
			runOnlyForDeploymentPostprocessing = 0;
			shellPath = /bin/sh;
			shellScript = "diff \"${PODS_PODFILE_DIR_PATH}/Podfile.lock\" \"${PODS_ROOT}/Manifest.lock\" > /dev/null\nif [ $? != 0 ] ; then\n    # print error to STDERR\n    echo \"error: The sandbox is not in sync with the Podfile.lock. Run 'pod install' or update your CocoaPods installation.\" >&2\n    exit 1\nfi\n# This output is used by Xcode 'outputs' to avoid re-running this script phase.\necho \"SUCCESS\" > \"${SCRIPT_OUTPUT_FILE_0}\"\n";
			showEnvVarsInLog = 0;
		};
		B1A3C86786B2BE2B8025A1E6 /* [CP] Check Pods Manifest.lock */ = {
			isa = PBXShellScriptBuildPhase;
			buildActionMask = 2147483647;
			files = (
			);
			inputFileListPaths = (
			);
			inputPaths = (
				"${PODS_PODFILE_DIR_PATH}/Podfile.lock",
				"${PODS_ROOT}/Manifest.lock",
			);
			name = "[CP] Check Pods Manifest.lock";
			outputFileListPaths = (
			);
			outputPaths = (
				"$(DERIVED_FILE_DIR)/Pods-OpenHacksProject-checkManifestLockResult.txt",
			);
			runOnlyForDeploymentPostprocessing = 0;
			shellPath = /bin/sh;
			shellScript = "diff \"${PODS_PODFILE_DIR_PATH}/Podfile.lock\" \"${PODS_ROOT}/Manifest.lock\" > /dev/null\nif [ $? != 0 ] ; then\n    # print error to STDERR\n    echo \"error: The sandbox is not in sync with the Podfile.lock. Run 'pod install' or update your CocoaPods installation.\" >&2\n    exit 1\nfi\n# This output is used by Xcode 'outputs' to avoid re-running this script phase.\necho \"SUCCESS\" > \"${SCRIPT_OUTPUT_FILE_0}\"\n";
			showEnvVarsInLog = 0;
		};
/* End PBXShellScriptBuildPhase section */

/* Begin PBXSourcesBuildPhase section */
		59F9A15D24786EAB00C998CE /* Sources */ = {
			isa = PBXSourcesBuildPhase;
			buildActionMask = 2147483647;
			files = (
				59F9A16524786EAB00C998CE /* AppDelegate.swift in Sources */,
				59F9A16724786EAB00C998CE /* SceneDelegate.swift in Sources */,
				59F9A16924786EAB00C998CE /* ContentView.swift in Sources */,
				BBD58EFA24798DE90028CD6C /* InLocation.swift in Sources */,
			);
			runOnlyForDeploymentPostprocessing = 0;
		};
		59F9A17324786EAE00C998CE /* Sources */ = {
			isa = PBXSourcesBuildPhase;
			buildActionMask = 2147483647;
			files = (
				59F9A17C24786EAE00C998CE /* OpenHacksProjectTests.swift in Sources */,
			);
			runOnlyForDeploymentPostprocessing = 0;
		};
		59F9A17E24786EAF00C998CE /* Sources */ = {
			isa = PBXSourcesBuildPhase;
			buildActionMask = 2147483647;
			files = (
				59F9A18724786EAF00C998CE /* OpenHacksProjectUITests.swift in Sources */,
			);
			runOnlyForDeploymentPostprocessing = 0;
		};
/* End PBXSourcesBuildPhase section */

/* Begin PBXTargetDependency section */
		59F9A17924786EAE00C998CE /* PBXTargetDependency */ = {
			isa = PBXTargetDependency;
			target = 59F9A16024786EAB00C998CE /* OpenHacksProject */;
			targetProxy = 59F9A17824786EAE00C998CE /* PBXContainerItemProxy */;
		};
		59F9A18424786EAF00C998CE /* PBXTargetDependency */ = {
			isa = PBXTargetDependency;
			target = 59F9A16024786EAB00C998CE /* OpenHacksProject */;
			targetProxy = 59F9A18324786EAF00C998CE /* PBXContainerItemProxy */;
		};
/* End PBXTargetDependency section */

/* Begin PBXVariantGroup section */
		59F9A16F24786EAE00C998CE /* LaunchScreen.storyboard */ = {
			isa = PBXVariantGroup;
			children = (
				59F9A17024786EAE00C998CE /* Base */,
			);
			name = LaunchScreen.storyboard;
			sourceTree = "<group>";
		};
/* End PBXVariantGroup section */

/* Begin XCBuildConfiguration section */
		59F9A18924786EAF00C998CE /* Debug */ = {
			isa = XCBuildConfiguration;
			buildSettings = {
				ALWAYS_SEARCH_USER_PATHS = NO;
				CLANG_ANALYZER_NONNULL = YES;
				CLANG_ANALYZER_NUMBER_OBJECT_CONVERSION = YES_AGGRESSIVE;
				CLANG_CXX_LANGUAGE_STANDARD = "gnu++14";
				CLANG_CXX_LIBRARY = "libc++";
				CLANG_ENABLE_MODULES = YES;
				CLANG_ENABLE_OBJC_ARC = YES;
				CLANG_ENABLE_OBJC_WEAK = YES;
				CLANG_WARN_BLOCK_CAPTURE_AUTORELEASING = YES;
				CLANG_WARN_BOOL_CONVERSION = YES;
				CLANG_WARN_COMMA = YES;
				CLANG_WARN_CONSTANT_CONVERSION = YES;
				CLANG_WARN_DEPRECATED_OBJC_IMPLEMENTATIONS = YES;
				CLANG_WARN_DIRECT_OBJC_ISA_USAGE = YES_ERROR;
				CLANG_WARN_DOCUMENTATION_COMMENTS = YES;
				CLANG_WARN_EMPTY_BODY = YES;
				CLANG_WARN_ENUM_CONVERSION = YES;
				CLANG_WARN_INFINITE_RECURSION = YES;
				CLANG_WARN_INT_CONVERSION = YES;
				CLANG_WARN_NON_LITERAL_NULL_CONVERSION = YES;
				CLANG_WARN_OBJC_IMPLICIT_RETAIN_SELF = YES;
				CLANG_WARN_OBJC_LITERAL_CONVERSION = YES;
				CLANG_WARN_OBJC_ROOT_CLASS = YES_ERROR;
				CLANG_WARN_RANGE_LOOP_ANALYSIS = YES;
				CLANG_WARN_STRICT_PROTOTYPES = YES;
				CLANG_WARN_SUSPICIOUS_MOVE = YES;
				CLANG_WARN_UNGUARDED_AVAILABILITY = YES_AGGRESSIVE;
				CLANG_WARN_UNREACHABLE_CODE = YES;
				CLANG_WARN__DUPLICATE_METHOD_MATCH = YES;
				COPY_PHASE_STRIP = NO;
				DEBUG_INFORMATION_FORMAT = dwarf;
				ENABLE_STRICT_OBJC_MSGSEND = YES;
				ENABLE_TESTABILITY = YES;
				GCC_C_LANGUAGE_STANDARD = gnu11;
				GCC_DYNAMIC_NO_PIC = NO;
				GCC_NO_COMMON_BLOCKS = YES;
				GCC_OPTIMIZATION_LEVEL = 0;
				GCC_PREPROCESSOR_DEFINITIONS = (
					"DEBUG=1",
					"$(inherited)",
				);
				GCC_WARN_64_TO_32_BIT_CONVERSION = YES;
				GCC_WARN_ABOUT_RETURN_TYPE = YES_ERROR;
				GCC_WARN_UNDECLARED_SELECTOR = YES;
				GCC_WARN_UNINITIALIZED_AUTOS = YES_AGGRESSIVE;
				GCC_WARN_UNUSED_FUNCTION = YES;
				GCC_WARN_UNUSED_VARIABLE = YES;
				IPHONEOS_DEPLOYMENT_TARGET = 13.5;
				MTL_ENABLE_DEBUG_INFO = INCLUDE_SOURCE;
				MTL_FAST_MATH = YES;
				ONLY_ACTIVE_ARCH = YES;
				SDKROOT = iphoneos;
				SWIFT_ACTIVE_COMPILATION_CONDITIONS = DEBUG;
				SWIFT_OPTIMIZATION_LEVEL = "-Onone";
			};
			name = Debug;
		};
		59F9A18A24786EAF00C998CE /* Release */ = {
			isa = XCBuildConfiguration;
			buildSettings = {
				ALWAYS_SEARCH_USER_PATHS = NO;
				CLANG_ANALYZER_NONNULL = YES;
				CLANG_ANALYZER_NUMBER_OBJECT_CONVERSION = YES_AGGRESSIVE;
				CLANG_CXX_LANGUAGE_STANDARD = "gnu++14";
				CLANG_CXX_LIBRARY = "libc++";
				CLANG_ENABLE_MODULES = YES;
				CLANG_ENABLE_OBJC_ARC = YES;
				CLANG_ENABLE_OBJC_WEAK = YES;
				CLANG_WARN_BLOCK_CAPTURE_AUTORELEASING = YES;
				CLANG_WARN_BOOL_CONVERSION = YES;
				CLANG_WARN_COMMA = YES;
				CLANG_WARN_CONSTANT_CONVERSION = YES;
				CLANG_WARN_DEPRECATED_OBJC_IMPLEMENTATIONS = YES;
				CLANG_WARN_DIRECT_OBJC_ISA_USAGE = YES_ERROR;
				CLANG_WARN_DOCUMENTATION_COMMENTS = YES;
				CLANG_WARN_EMPTY_BODY = YES;
				CLANG_WARN_ENUM_CONVERSION = YES;
				CLANG_WARN_INFINITE_RECURSION = YES;
				CLANG_WARN_INT_CONVERSION = YES;
				CLANG_WARN_NON_LITERAL_NULL_CONVERSION = YES;
				CLANG_WARN_OBJC_IMPLICIT_RETAIN_SELF = YES;
				CLANG_WARN_OBJC_LITERAL_CONVERSION = YES;
				CLANG_WARN_OBJC_ROOT_CLASS = YES_ERROR;
				CLANG_WARN_RANGE_LOOP_ANALYSIS = YES;
				CLANG_WARN_STRICT_PROTOTYPES = YES;
				CLANG_WARN_SUSPICIOUS_MOVE = YES;
				CLANG_WARN_UNGUARDED_AVAILABILITY = YES_AGGRESSIVE;
				CLANG_WARN_UNREACHABLE_CODE = YES;
				CLANG_WARN__DUPLICATE_METHOD_MATCH = YES;
				COPY_PHASE_STRIP = NO;
				DEBUG_INFORMATION_FORMAT = "dwarf-with-dsym";
				ENABLE_NS_ASSERTIONS = NO;
				ENABLE_STRICT_OBJC_MSGSEND = YES;
				GCC_C_LANGUAGE_STANDARD = gnu11;
				GCC_NO_COMMON_BLOCKS = YES;
				GCC_WARN_64_TO_32_BIT_CONVERSION = YES;
				GCC_WARN_ABOUT_RETURN_TYPE = YES_ERROR;
				GCC_WARN_UNDECLARED_SELECTOR = YES;
				GCC_WARN_UNINITIALIZED_AUTOS = YES_AGGRESSIVE;
				GCC_WARN_UNUSED_FUNCTION = YES;
				GCC_WARN_UNUSED_VARIABLE = YES;
				IPHONEOS_DEPLOYMENT_TARGET = 13.5;
				MTL_ENABLE_DEBUG_INFO = NO;
				MTL_FAST_MATH = YES;
				SDKROOT = iphoneos;
				SWIFT_COMPILATION_MODE = wholemodule;
				SWIFT_OPTIMIZATION_LEVEL = "-O";
				VALIDATE_PRODUCT = YES;
			};
			name = Release;
		};
		59F9A18C24786EAF00C998CE /* Debug */ = {
			isa = XCBuildConfiguration;
			baseConfigurationReference = 399D3DF000FFC19E0B97D504 /* Pods-OpenHacksProject.debug.xcconfig */;
			buildSettings = {
				ASSETCATALOG_COMPILER_APPICON_NAME = AppIcon;
				CODE_SIGN_STYLE = Automatic;
				DEVELOPMENT_ASSET_PATHS = "\"OpenHacksProject/Preview Content\"";
				DEVELOPMENT_TEAM = X373225T58;
				ENABLE_PREVIEWS = YES;
				INFOPLIST_FILE = OpenHacksProject/Info.plist;
				LD_RUNPATH_SEARCH_PATHS = (
					"$(inherited)",
					"@executable_path/Frameworks",
				);
				PRODUCT_BUNDLE_IDENTIFIER = com.OpenHacksProject;
				PRODUCT_NAME = "$(TARGET_NAME)";
				SWIFT_VERSION = 5.0;
				TARGETED_DEVICE_FAMILY = "1,2";
			};
			name = Debug;
		};
		59F9A18D24786EAF00C998CE /* Release */ = {
			isa = XCBuildConfiguration;
			baseConfigurationReference = 2EA0A44ED1F5824BC96E02C6 /* Pods-OpenHacksProject.release.xcconfig */;
			buildSettings = {
				ASSETCATALOG_COMPILER_APPICON_NAME = AppIcon;
				CODE_SIGN_STYLE = Automatic;
				DEVELOPMENT_ASSET_PATHS = "\"OpenHacksProject/Preview Content\"";
				DEVELOPMENT_TEAM = X373225T58;
				ENABLE_PREVIEWS = YES;
				INFOPLIST_FILE = OpenHacksProject/Info.plist;
				LD_RUNPATH_SEARCH_PATHS = (
					"$(inherited)",
					"@executable_path/Frameworks",
				);
				PRODUCT_BUNDLE_IDENTIFIER = com.OpenHacksProject;
				PRODUCT_NAME = "$(TARGET_NAME)";
				SWIFT_VERSION = 5.0;
				TARGETED_DEVICE_FAMILY = "1,2";
			};
			name = Release;
		};
		59F9A18F24786EAF00C998CE /* Debug */ = {
			isa = XCBuildConfiguration;
			baseConfigurationReference = F5485D876FF055165AEEAD45 /* Pods-OpenHacksProjectTests.debug.xcconfig */;
			buildSettings = {
				ALWAYS_EMBED_SWIFT_STANDARD_LIBRARIES = YES;
				BUNDLE_LOADER = "$(TEST_HOST)";
				CODE_SIGN_STYLE = Automatic;
				DEVELOPMENT_TEAM = X373225T58;
				INFOPLIST_FILE = OpenHacksProjectTests/Info.plist;
				IPHONEOS_DEPLOYMENT_TARGET = 13.5;
				LD_RUNPATH_SEARCH_PATHS = (
					"$(inherited)",
					"@executable_path/Frameworks",
					"@loader_path/Frameworks",
				);
				PRODUCT_BUNDLE_IDENTIFIER = com.OpenHacksProjectTests;
				PRODUCT_NAME = "$(TARGET_NAME)";
				SWIFT_VERSION = 5.0;
				TARGETED_DEVICE_FAMILY = "1,2";
				TEST_HOST = "$(BUILT_PRODUCTS_DIR)/OpenHacksProject.app/OpenHacksProject";
			};
			name = Debug;
		};
		59F9A19024786EAF00C998CE /* Release */ = {
			isa = XCBuildConfiguration;
			baseConfigurationReference = CEF437930FEB40C14101A42D /* Pods-OpenHacksProjectTests.release.xcconfig */;
			buildSettings = {
				ALWAYS_EMBED_SWIFT_STANDARD_LIBRARIES = YES;
				BUNDLE_LOADER = "$(TEST_HOST)";
				CODE_SIGN_STYLE = Automatic;
				DEVELOPMENT_TEAM = X373225T58;
				INFOPLIST_FILE = OpenHacksProjectTests/Info.plist;
				IPHONEOS_DEPLOYMENT_TARGET = 13.5;
				LD_RUNPATH_SEARCH_PATHS = (
					"$(inherited)",
					"@executable_path/Frameworks",
					"@loader_path/Frameworks",
				);
				PRODUCT_BUNDLE_IDENTIFIER = com.OpenHacksProjectTests;
				PRODUCT_NAME = "$(TARGET_NAME)";
				SWIFT_VERSION = 5.0;
				TARGETED_DEVICE_FAMILY = "1,2";
				TEST_HOST = "$(BUILT_PRODUCTS_DIR)/OpenHacksProject.app/OpenHacksProject";
			};
			name = Release;
		};
		59F9A19224786EAF00C998CE /* Debug */ = {
			isa = XCBuildConfiguration;
			baseConfigurationReference = F9A36216156DECD3387C16D9 /* Pods-OpenHacksProject-OpenHacksProjectUITests.debug.xcconfig */;
			buildSettings = {
				ALWAYS_EMBED_SWIFT_STANDARD_LIBRARIES = YES;
				CODE_SIGN_STYLE = Automatic;
				DEVELOPMENT_TEAM = X373225T58;
				INFOPLIST_FILE = OpenHacksProjectUITests/Info.plist;
				LD_RUNPATH_SEARCH_PATHS = (
					"$(inherited)",
					"@executable_path/Frameworks",
					"@loader_path/Frameworks",
				);
				PRODUCT_BUNDLE_IDENTIFIER = com.OpenHacksProjectUITests;
				PRODUCT_NAME = "$(TARGET_NAME)";
				SWIFT_VERSION = 5.0;
				TARGETED_DEVICE_FAMILY = "1,2";
				TEST_TARGET_NAME = OpenHacksProject;
			};
			name = Debug;
		};
		59F9A19324786EAF00C998CE /* Release */ = {
			isa = XCBuildConfiguration;
			baseConfigurationReference = F03AB0FD2C8C076BA0ED04D5 /* Pods-OpenHacksProject-OpenHacksProjectUITests.release.xcconfig */;
			buildSettings = {
				ALWAYS_EMBED_SWIFT_STANDARD_LIBRARIES = YES;
				CODE_SIGN_STYLE = Automatic;
				DEVELOPMENT_TEAM = X373225T58;
				INFOPLIST_FILE = OpenHacksProjectUITests/Info.plist;
				LD_RUNPATH_SEARCH_PATHS = (
					"$(inherited)",
					"@executable_path/Frameworks",
					"@loader_path/Frameworks",
				);
				PRODUCT_BUNDLE_IDENTIFIER = com.OpenHacksProjectUITests;
				PRODUCT_NAME = "$(TARGET_NAME)";
				SWIFT_VERSION = 5.0;
				TARGETED_DEVICE_FAMILY = "1,2";
				TEST_TARGET_NAME = OpenHacksProject;
			};
			name = Release;
		};
/* End XCBuildConfiguration section */

/* Begin XCConfigurationList section */
		59F9A15C24786EAB00C998CE /* Build configuration list for PBXProject "OpenHacksProject" */ = {
			isa = XCConfigurationList;
			buildConfigurations = (
				59F9A18924786EAF00C998CE /* Debug */,
				59F9A18A24786EAF00C998CE /* Release */,
			);
			defaultConfigurationIsVisible = 0;
			defaultConfigurationName = Release;
		};
		59F9A18B24786EAF00C998CE /* Build configuration list for PBXNativeTarget "OpenHacksProject" */ = {
			isa = XCConfigurationList;
			buildConfigurations = (
				59F9A18C24786EAF00C998CE /* Debug */,
				59F9A18D24786EAF00C998CE /* Release */,
			);
			defaultConfigurationIsVisible = 0;
			defaultConfigurationName = Release;
		};
		59F9A18E24786EAF00C998CE /* Build configuration list for PBXNativeTarget "OpenHacksProjectTests" */ = {
			isa = XCConfigurationList;
			buildConfigurations = (
				59F9A18F24786EAF00C998CE /* Debug */,
				59F9A19024786EAF00C998CE /* Release */,
			);
			defaultConfigurationIsVisible = 0;
			defaultConfigurationName = Release;
		};
		59F9A19124786EAF00C998CE /* Build configuration list for PBXNativeTarget "OpenHacksProjectUITests" */ = {
			isa = XCConfigurationList;
			buildConfigurations = (
				59F9A19224786EAF00C998CE /* Debug */,
				59F9A19324786EAF00C998CE /* Release */,
			);
			defaultConfigurationIsVisible = 0;
			defaultConfigurationName = Release;
		};
/* End XCConfigurationList section */
	};
	rootObject = 59F9A15924786EAB00C998CE /* Project object */;
}
